<?xml version="1.0" encoding="utf-8"?>
<Project ToolsVersion="4.0" xmlns="http://schemas.microsoft.com/developer/msbuild/2003">
  <ItemGroup>
    <Filter Include="include">
      <UniqueIdentifier>{89AF369E-F58E-B539-FEA6-40106A051C9B}</UniqueIdentifier>
    </Filter>
    <Filter Include="src">
      <UniqueIdentifier>{2DAB880B-99B4-887C-2230-9F7C8E38947C}</UniqueIdentifier>
    </Filter>
    <Filter Include="src\Core">
      <UniqueIdentifier>{A5D31CCF-91A0-77DA-BAB9-6582A6E5AC68}</UniqueIdentifier>
    </Filter>
    <Filter Include="src\Render">
      <UniqueIdentifier>{FC94E62B-E84C-2879-5154-01D53D2BC369}</UniqueIdentifier>
    </Filter>
    <Filter Include="src\Render\Context">
      <UniqueIdentifier>{904B42DE-7C2F-0334-E58F-FD86D192EDB5}</UniqueIdentifier>
    </Filter>
    <Filter Include="src\Render\Platform">
      <UniqueIdentifier>{D02CA2A0-3C8E-7FAE-C5FB-C560315CB66D}</UniqueIdentifier>
    </Filter>
    <Filter Include="src\Render\Platform\Vulkan">
      <UniqueIdentifier>{50B0848F-3CC0-3060-A579-957E91A81FF9}</UniqueIdentifier>
    </Filter>
    <Filter Include="src\Util">
      <UniqueIdentifier>{9AC626CF-8693-81DA-AFAC-6F829BD8B668}</UniqueIdentifier>
    </Filter>
  </ItemGroup>
  <ItemGroup>
    <ClInclude Include="include\Anvil.h">
      <Filter>include</Filter>
    </ClInclude>
    <ClInclude Include="include\Entry.h">
      <Filter>include</Filter>
    </ClInclude>
    <ClInclude Include="src\Core\App.h">
      <Filter>src\Core</Filter>
    </ClInclude>
    <ClInclude Include="src\Core\Profile.h">
      <Filter>src\Core</Filter>
    </ClInclude>
    <ClInclude Include="src\Core\Window.h">
      <Filter>src\Core</Filter>
    </ClInclude>
    <ClInclude Include="src\Render\Context\Context.h">
      <Filter>src\Render\Context</Filter>
    </ClInclude>
    <ClInclude Include="src\Render\Platform\Vulkan\VulkanContext.h">
      <Filter>src\Render\Platform\Vulkan</Filter>
    </ClInclude>
    <ClInclude Include="src\Render\Platform\Vulkan\VulkanSwapChain.h">
      <Filter>src\Render\Platform\Vulkan</Filter>
    </ClInclude>
    <ClInclude Include="src\Render\Platform\Vulkan\VulkanUtil.h">
      <Filter>src\Render\Platform\Vulkan</Filter>
    </ClInclude>
    <ClInclude Include="src\Render\Renderer.h">
      <Filter>src\Render</Filter>
    </ClInclude>
    <ClInclude Include="src\Render\Swapchain.h">
      <Filter>src\Render</Filter>
    </ClInclude>
    <ClInclude Include="src\Util\UMacros.h">
      <Filter>src\Util</Filter>
    </ClInclude>
  </ItemGroup>
  <ItemGroup>
    <ClCompile Include="src\Core\App.cpp">
      <Filter>src\Core</Filter>
    </ClCompile>
    <ClCompile Include="src\Core\Window.cpp">
      <Filter>src\Core</Filter>
    </ClCompile>
    <ClCompile Include="src\Render\Context\Context.cpp">
      <Filter>src\Render\Context</Filter>
    </ClCompile>
    <ClCompile Include="src\Render\Platform\Vulkan\VulkanContext.cpp">
      <Filter>src\Render\Platform\Vulkan</Filter>
    </ClCompile>
    <ClCompile Include="src\Render\Platform\Vulkan\VulkanSwapChain.cpp">
      <Filter>src\Render\Platform\Vulkan</Filter>
    </ClCompile>
    <ClCompile Include="src\Render\Platform\Vulkan\VulkanUtil.cpp">
      <Filter>src\Render\Platform\Vulkan</Filter>
    </ClCompile>
    <ClCompile Include="src\Render\Renderer.cpp">
      <Filter>src\Render</Filter>
    </ClCompile>
    <ClCompile Include="src\Render\Swapchain.cpp">
      <Filter>src\Render</Filter>
    </ClCompile>
  </ItemGroup>
</Project>