// !$*UTF8*$!
{
	archiveVersion = 1;
	classes = {
	};
	objectVersion = 54;
	objects = {

/* Begin PBXBuildFile section */
		2883F5285815C41A33230368 /* Forge.cpp in Sources */ = {isa = PBXBuildFile; fileRef = 869CEAD0298B1182B8B0F110 /* Forge.cpp */; };
		C069D52E158DB8A01CD7736E /* libAnvilEngine.a in Frameworks */ = {isa = PBXBuildFile; fileRef = 8B69CD9662BCF8C8DC2A63D6 /* libAnvilEngine.a */; };
/* End PBXBuildFile section */

/* Begin PBXContainerItemProxy section */
		090D46CB644E9A3D37A8E50B /* PBXContainerItemProxy */ = {
			isa = PBXContainerItemProxy;
			containerPortal = 3195070A3E1FB97CB904854A /* AnvilEngine.xcodeproj */;
			proxyType = 1;
			remoteGlobalIDString = CBB8A425F1DED3D758E5CA65;
			remoteInfo = libAnvilEngine.a;
		};
		B6D2D432121427A4E56E7272 /* PBXContainerItemProxy */ = {
			isa = PBXContainerItemProxy;
			containerPortal = 3195070A3E1FB97CB904854A /* AnvilEngine.xcodeproj */;
			proxyType = 2;
			remoteGlobalIDString = FD0A541FE7F67A112FDC425F;
			remoteInfo = libAnvilEngine.a;
		};
/* End PBXContainerItemProxy section */

/* Begin PBXCopyFilesBuildPhase section */
		B4CA2E5804DDC30A875BF498 /* Embed Libraries */ = {
			isa = PBXCopyFilesBuildPhase;
			buildActionMask = 2147483647;
			dstPath = "";
			dstSubfolderSpec = 10;
			files = (
			);
			name = "Embed Libraries";
			runOnlyForDeploymentPostprocessing = 0;
		};
/* End PBXCopyFilesBuildPhase section */

/* Begin PBXFileReference section */
		3195070A3E1FB97CB904854A /* AnvilEngine.xcodeproj */ = {isa = PBXFileReference; lastKnownFileType = "wrapper.pb-project"; name = AnvilEngine.xcodeproj; path = ../AnvilEngine/AnvilEngine.xcodeproj; sourceTree = SOURCE_ROOT; };
		841EDB7C276A64AE423B31BC /* Forge */ = {isa = PBXFileReference; explicitFileType = "compiled.mach-o.executable"; includeInIndex = 0; path = Forge; sourceTree = BUILT_PRODUCTS_DIR; };
		869CEAD0298B1182B8B0F110 /* Forge.cpp */ = {isa = PBXFileReference; lastKnownFileType = sourcecode.cpp.cpp; path = Forge.cpp; sourceTree = "<group>"; };
/* End PBXFileReference section */

/* Begin PBXFrameworksBuildPhase section */
		9F9672EC4BF9331E0A81A92C /* Frameworks */ = {
			isa = PBXFrameworksBuildPhase;
			buildActionMask = 2147483647;
			files = (
				C069D52E158DB8A01CD7736E /* libAnvilEngine.a in Frameworks */,
			);
			runOnlyForDeploymentPostprocessing = 0;
		};
/* End PBXFrameworksBuildPhase section */

/* Begin PBXGroup section */
		395FA3325B2B506497E07972 /* Products */ = {
			isa = PBXGroup;
			children = (
				8B69CD9662BCF8C8DC2A63D6 /* libAnvilEngine.a */,
			);
			name = Products;
			sourceTree = "<group>";
		};
		3CD05BD3D6ECD04523281A13 /* Forge */ = {
			isa = PBXGroup;
			children = (
				869CEAD0298B1182B8B0F110 /* Forge.cpp */,
				A6C936B49B3FADE6EA134CF4 /* Products */,
				9D968EAA920D05DCE0E0A4EA /* Projects */,
			);
			name = Forge;
			sourceTree = "<group>";
		};
		9D968EAA920D05DCE0E0A4EA /* Projects */ = {
			isa = PBXGroup;
			children = (
				3195070A3E1FB97CB904854A /* AnvilEngine.xcodeproj */,
			);
			name = Projects;
			sourceTree = "<group>";
		};
		A6C936B49B3FADE6EA134CF4 /* Products */ = {
			isa = PBXGroup;
			children = (
				841EDB7C276A64AE423B31BC /* Forge */,
			);
			name = Products;
			sourceTree = "<group>";
		};
/* End PBXGroup section */

/* Begin PBXNativeTarget section */
		7A7B33E2CD015ED49F45C222 /* Forge */ = {
			isa = PBXNativeTarget;
			buildConfigurationList = 8DD1BB4B3A347B7DF8BCF18B /* Build configuration list for PBXNativeTarget "Forge" */;
			buildPhases = (
				0F7DF38CBBE0B3BE7A6929CC /* Resources */,
				792B0CE3258DCD15E4164323 /* Sources */,
				9F9672EC4BF9331E0A81A92C /* Frameworks */,
				B4CA2E5804DDC30A875BF498 /* Embed Libraries */,
			);
			buildRules = (
			);
			dependencies = (
				2717E03B48E38D6D8598B67B /* PBXTargetDependency */,
			);
			name = Forge;
			productInstallPath = "$(HOME)/bin";
			productName = Forge;
			productReference = 841EDB7C276A64AE423B31BC /* Forge */;
			productType = "com.apple.product-type.tool";
		};
/* End PBXNativeTarget section */

/* Begin PBXProject section */
		08FB7793FE84155DC02AAC07 /* Project object */ = {
			isa = PBXProject;
			attributes = {
				BuildIndependentTargetsInParallel = YES;
				LastUpgradeCheck = 1640;
			};
			buildConfigurationList = 1DEB928908733DD80010E9CD /* Build configuration list for PBXProject "Forge" */;
			compatibilityVersion = "Xcode 3.2";
			developmentRegion = en;
			hasScannedForEncodings = 1;
			knownRegions = (
				en,
				Base,
			);
			mainGroup = 3CD05BD3D6ECD04523281A13 /* Forge */;
			projectDirPath = "";
			projectReferences = (
				{
					ProductGroup = 395FA3325B2B506497E07972 /* Products */;
					ProjectRef = 3195070A3E1FB97CB904854A /* AnvilEngine.xcodeproj */;
				},
			);
			projectRoot = "";
			targets = (
				7A7B33E2CD015ED49F45C222 /* Forge */,
			);
		};
/* End PBXProject section */

/* Begin PBXReferenceProxy section */
		8B69CD9662BCF8C8DC2A63D6 /* libAnvilEngine.a */ = {
			isa = PBXReferenceProxy;
			fileType = archive.ar;
			path = libAnvilEngine.a;
			remoteRef = B6D2D432121427A4E56E7272 /* PBXContainerItemProxy */;
			sourceTree = BUILT_PRODUCTS_DIR;
		};
/* End PBXReferenceProxy section */

/* Begin PBXResourcesBuildPhase section */
		0F7DF38CBBE0B3BE7A6929CC /* Resources */ = {
			isa = PBXResourcesBuildPhase;
			buildActionMask = 2147483647;
			files = (
			);
			runOnlyForDeploymentPostprocessing = 0;
		};
/* End PBXResourcesBuildPhase section */

/* Begin PBXSourcesBuildPhase section */
		792B0CE3258DCD15E4164323 /* Sources */ = {
			isa = PBXSourcesBuildPhase;
			buildActionMask = 2147483647;
			files = (
				2883F5285815C41A33230368 /* Forge.cpp in Sources */,
			);
			runOnlyForDeploymentPostprocessing = 0;
		};
/* End PBXSourcesBuildPhase section */

/* Begin PBXTargetDependency section */
		2717E03B48E38D6D8598B67B /* PBXTargetDependency */ = {
			isa = PBXTargetDependency;
			name = libAnvilEngine.a;
			targetProxy = 090D46CB644E9A3D37A8E50B /* PBXContainerItemProxy */;
		};
/* End PBXTargetDependency section */

/* Begin XCBuildConfiguration section */
		5E3B1C7C0186A5AE1C5772BC /* Release */ = {
			isa = XCBuildConfiguration;
			buildSettings = {
				CLANG_CXX_LANGUAGE_STANDARD = "c++20";
				CLANG_WARN_BLOCK_CAPTURE_AUTORELEASING = YES;
				CLANG_WARN_BOOL_CONVERSION = YES;
				CLANG_WARN_COMMA = YES;
				CLANG_WARN_CONSTANT_CONVERSION = YES;
				CLANG_WARN_DEPRECATED_OBJC_IMPLEMENTATIONS = YES;
				CLANG_WARN_EMPTY_BODY = YES;
				CLANG_WARN_ENUM_CONVERSION = YES;
				CLANG_WARN_INFINITE_RECURSION = YES;
				CLANG_WARN_INT_CONVERSION = YES;
				CLANG_WARN_NON_LITERAL_NULL_CONVERSION = YES;
				CLANG_WARN_OBJC_IMPLICIT_RETAIN_SELF = YES;
				CLANG_WARN_OBJC_LITERAL_CONVERSION = YES;
				CLANG_WARN_QUOTED_INCLUDE_IN_FRAMEWORK_HEADER = YES;
				CLANG_WARN_RANGE_LOOP_ANALYSIS = YES;
				CLANG_WARN_STRICT_PROTOTYPES = YES;
				CLANG_WARN_SUSPICIOUS_MOVE = YES;
				CLANG_WARN_UNREACHABLE_CODE = YES;
				CLANG_WARN__DUPLICATE_METHOD_MATCH = YES;
				CONFIGURATION_BUILD_DIR = "$(SYMROOT)";
				CONFIGURATION_TEMP_DIR = "$(OBJROOT)";
				DEAD_CODE_STRIPPING = YES;
				ENABLE_STRICT_OBJC_MSGSEND = YES;
				ENABLE_USER_SCRIPT_SANDBOXING = YES;
				GCC_NO_COMMON_BLOCKS = YES;
				GCC_OPTIMIZATION_LEVEL = 3;
				GCC_PREPROCESSOR_DEFINITIONS = RELEASE;
				GCC_SYMBOLS_PRIVATE_EXTERN = NO;
				GCC_WARN_64_TO_32_BIT_CONVERSION = YES;
				GCC_WARN_ABOUT_RETURN_TYPE = YES;
				GCC_WARN_UNDECLARED_SELECTOR = YES;
				GCC_WARN_UNINITIALIZED_AUTOS = YES;
				GCC_WARN_UNUSED_FUNCTION = YES;
				GCC_WARN_UNUSED_VARIABLE = YES;
				LIBRARY_SEARCH_PATHS = "../AnvilEngine/Release-macosx-x86_64/AnvilEngine";
				OBJROOT = "bin-int/Release-macosx-x86_64/Forge";
				ONLY_ACTIVE_ARCH = NO;
				OTHER_LDFLAGS = "-Wl,-rpath,@loader_path";
				SYMROOT = "bin/Release-macosx-x86_64/Forge";
				USER_HEADER_SEARCH_PATHS = ../AnvilEngine/include;
			};
			name = Release;
		};
		6577CC585EDDCDCA52792A98 /* DebugG */ = {
			isa = XCBuildConfiguration;
			buildSettings = {
				ALWAYS_SEARCH_USER_PATHS = NO;
				CLANG_ENABLE_OBJC_WEAK = YES;
				CONFIGURATION_BUILD_DIR = "bin/DebugG-macosx-x86_64/Forge";
				DEAD_CODE_STRIPPING = YES;
				DEBUG_INFORMATION_FORMAT = "dwarf-with-dsym";
				GCC_DYNAMIC_NO_PIC = NO;
				INSTALL_PATH = /usr/local/bin;
				PRODUCT_NAME = Forge;
			};
			name = DebugG;
		};
		7439C9C2C44D5E7446CB9002 /* Debug */ = {
			isa = XCBuildConfiguration;
			buildSettings = {
				CLANG_CXX_LANGUAGE_STANDARD = "c++20";
				CLANG_WARN_BLOCK_CAPTURE_AUTORELEASING = YES;
				CLANG_WARN_BOOL_CONVERSION = YES;
				CLANG_WARN_COMMA = YES;
				CLANG_WARN_CONSTANT_CONVERSION = YES;
				CLANG_WARN_DEPRECATED_OBJC_IMPLEMENTATIONS = YES;
				CLANG_WARN_EMPTY_BODY = YES;
				CLANG_WARN_ENUM_CONVERSION = YES;
				CLANG_WARN_INFINITE_RECURSION = YES;
				CLANG_WARN_INT_CONVERSION = YES;
				CLANG_WARN_NON_LITERAL_NULL_CONVERSION = YES;
				CLANG_WARN_OBJC_IMPLICIT_RETAIN_SELF = YES;
				CLANG_WARN_OBJC_LITERAL_CONVERSION = YES;
				CLANG_WARN_QUOTED_INCLUDE_IN_FRAMEWORK_HEADER = YES;
				CLANG_WARN_RANGE_LOOP_ANALYSIS = YES;
				CLANG_WARN_STRICT_PROTOTYPES = YES;
				CLANG_WARN_SUSPICIOUS_MOVE = YES;
				CLANG_WARN_UNREACHABLE_CODE = YES;
				CLANG_WARN__DUPLICATE_METHOD_MATCH = YES;
				CONFIGURATION_BUILD_DIR = "$(SYMROOT)";
				CONFIGURATION_TEMP_DIR = "$(OBJROOT)";
				COPY_PHASE_STRIP = NO;
				DEAD_CODE_STRIPPING = YES;
				ENABLE_STRICT_OBJC_MSGSEND = YES;
				ENABLE_TESTABILITY = YES;
				ENABLE_USER_SCRIPT_SANDBOXING = YES;
				GCC_NO_COMMON_BLOCKS = YES;
				GCC_OPTIMIZATION_LEVEL = 0;
				GCC_PREPROCESSOR_DEFINITIONS = DEBUG;
				GCC_SYMBOLS_PRIVATE_EXTERN = NO;
				GCC_WARN_64_TO_32_BIT_CONVERSION = YES;
				GCC_WARN_ABOUT_RETURN_TYPE = YES;
				GCC_WARN_UNDECLARED_SELECTOR = YES;
				GCC_WARN_UNINITIALIZED_AUTOS = YES;
				GCC_WARN_UNUSED_FUNCTION = YES;
				GCC_WARN_UNUSED_VARIABLE = YES;
				LIBRARY_SEARCH_PATHS = "../AnvilEngine/Debug-macosx-x86_64/AnvilEngine";
				OBJROOT = "bin-int/Debug-macosx-x86_64/Forge";
				ONLY_ACTIVE_ARCH = YES;
				OTHER_LDFLAGS = "-Wl,-rpath,@loader_path";
				SYMROOT = "bin/Debug-macosx-x86_64/Forge";
				USER_HEADER_SEARCH_PATHS = ../AnvilEngine/include;
			};
			name = Debug;
		};
		7A899BCBA0AFCB7D07B6C20B /* Release */ = {
			isa = XCBuildConfiguration;
			buildSettings = {
				ALWAYS_SEARCH_USER_PATHS = NO;
				CLANG_ENABLE_OBJC_WEAK = YES;
				CONFIGURATION_BUILD_DIR = "bin/Release-macosx-x86_64/Forge";
				DEAD_CODE_STRIPPING = YES;
				DEBUG_INFORMATION_FORMAT = "dwarf-with-dsym";
				GCC_DYNAMIC_NO_PIC = NO;
				INSTALL_PATH = "\"$(HOME)/Applications\"";
				PRODUCT_NAME = Forge;
			};
			name = Release;
		};
		C3DE1891DAF0B3C3CB0CAED1 /* Debug */ = {
			isa = XCBuildConfiguration;
			buildSettings = {
				ALWAYS_SEARCH_USER_PATHS = NO;
				CLANG_ENABLE_OBJC_WEAK = YES;
				CONFIGURATION_BUILD_DIR = "bin/Debug-macosx-x86_64/Forge";
				DEAD_CODE_STRIPPING = YES;
				DEBUG_INFORMATION_FORMAT = "dwarf-with-dsym";
				GCC_DYNAMIC_NO_PIC = NO;
				INSTALL_PATH = /usr/local/bin;
				PRODUCT_NAME = Forge;
			};
			name = Debug;
		};
		FD7FC8C95005F3BB224A5709 /* DebugG */ = {
			isa = XCBuildConfiguration;
			buildSettings = {
				CLANG_CXX_LANGUAGE_STANDARD = "c++20";
				CLANG_WARN_BLOCK_CAPTURE_AUTORELEASING = YES;
				CLANG_WARN_BOOL_CONVERSION = YES;
				CLANG_WARN_COMMA = YES;
				CLANG_WARN_CONSTANT_CONVERSION = YES;
				CLANG_WARN_DEPRECATED_OBJC_IMPLEMENTATIONS = YES;
				CLANG_WARN_EMPTY_BODY = YES;
				CLANG_WARN_ENUM_CONVERSION = YES;
				CLANG_WARN_INFINITE_RECURSION = YES;
				CLANG_WARN_INT_CONVERSION = YES;
				CLANG_WARN_NON_LITERAL_NULL_CONVERSION = YES;
				CLANG_WARN_OBJC_IMPLICIT_RETAIN_SELF = YES;
				CLANG_WARN_OBJC_LITERAL_CONVERSION = YES;
				CLANG_WARN_QUOTED_INCLUDE_IN_FRAMEWORK_HEADER = YES;
				CLANG_WARN_RANGE_LOOP_ANALYSIS = YES;
				CLANG_WARN_STRICT_PROTOTYPES = YES;
				CLANG_WARN_SUSPICIOUS_MOVE = YES;
				CLANG_WARN_UNREACHABLE_CODE = YES;
				CLANG_WARN__DUPLICATE_METHOD_MATCH = YES;
				CONFIGURATION_BUILD_DIR = "$(SYMROOT)";
				CONFIGURATION_TEMP_DIR = "$(OBJROOT)";
				COPY_PHASE_STRIP = NO;
				DEAD_CODE_STRIPPING = YES;
				ENABLE_STRICT_OBJC_MSGSEND = YES;
				ENABLE_TESTABILITY = YES;
				ENABLE_USER_SCRIPT_SANDBOXING = YES;
				GCC_NO_COMMON_BLOCKS = YES;
				GCC_OPTIMIZATION_LEVEL = 0;
				GCC_PREPROCESSOR_DEFINITIONS = (
					DEBUG,
					DEBUG_G,
				);
				GCC_SYMBOLS_PRIVATE_EXTERN = NO;
				GCC_WARN_64_TO_32_BIT_CONVERSION = YES;
				GCC_WARN_ABOUT_RETURN_TYPE = YES;
				GCC_WARN_UNDECLARED_SELECTOR = YES;
				GCC_WARN_UNINITIALIZED_AUTOS = YES;
				GCC_WARN_UNUSED_FUNCTION = YES;
				GCC_WARN_UNUSED_VARIABLE = YES;
				LIBRARY_SEARCH_PATHS = "../AnvilEngine/DebugG-macosx-x86_64/AnvilEngine";
				OBJROOT = "bin-int/DebugG-macosx-x86_64/Forge";
				ONLY_ACTIVE_ARCH = YES;
				OTHER_LDFLAGS = "-Wl,-rpath,@loader_path";
				SYMROOT = "bin/DebugG-macosx-x86_64/Forge";
				USER_HEADER_SEARCH_PATHS = ../AnvilEngine/include;
			};
			name = DebugG;
		};
/* End XCBuildConfiguration section */

/* Begin XCConfigurationList section */
		1DEB928908733DD80010E9CD /* Build configuration list for PBXProject "Forge" */ = {
			isa = XCConfigurationList;
			buildConfigurations = (
				FD7FC8C95005F3BB224A5709 /* DebugG */,
				7439C9C2C44D5E7446CB9002 /* Debug */,
				5E3B1C7C0186A5AE1C5772BC /* Release */,
			);
			defaultConfigurationIsVisible = 0;
			defaultConfigurationName = DebugG;
		};
		8DD1BB4B3A347B7DF8BCF18B /* Build configuration list for PBXNativeTarget "Forge" */ = {
			isa = XCConfigurationList;
			buildConfigurations = (
				6577CC585EDDCDCA52792A98 /* DebugG */,
				C3DE1891DAF0B3C3CB0CAED1 /* Debug */,
				7A899BCBA0AFCB7D07B6C20B /* Release */,
			);
			defaultConfigurationIsVisible = 0;
			defaultConfigurationName = DebugG;
		};
/* End XCConfigurationList section */
	};
	rootObject = 08FB7793FE84155DC02AAC07 /* Project object */;
}
