// !$*UTF8*$!
{
	archiveVersion = 1;
	classes = {
	};
	objectVersion = 46;
	objects = {

/* Begin PBXBuildFile section */
		00C9F7B25C2A1C649E6DBDF2 /* VulkanRenderAPI.cpp in Sources */ = {isa = PBXBuildFile; fileRef = 6026935ABCAD97CC4550519A /* VulkanRenderAPI.cpp */; };
		0975290ED7987CC05EA6CF4E /* Image.cpp in Sources */ = {isa = PBXBuildFile; fileRef = 9B83C7B6F6C51B28CA1F65F6 /* Image.cpp */; };
		180C4C41E62F9FF36D3DF281 /* Window.cpp in Sources */ = {isa = PBXBuildFile; fileRef = C3DFC2491F2115BBF27B6089 /* Window.cpp */; };
		1E4897A1B6957D53E4DC7DE1 /* QueueChain.cpp in Sources */ = {isa = PBXBuildFile; fileRef = 70FD6BA9B54C111BF77349E9 /* QueueChain.cpp */; };
		291A5EF66D2E302860FFB536 /* Renderer.cpp in Sources */ = {isa = PBXBuildFile; fileRef = D121F61E42449710F80B445E /* Renderer.cpp */; };
		31128E524BDEFD044FAF9492 /* Framebuffer.cpp in Sources */ = {isa = PBXBuildFile; fileRef = EA8178BA57A9872C593C76FA /* Framebuffer.cpp */; };
		35CFFAE4CE1CE096FC63E124 /* Swapchain.cpp in Sources */ = {isa = PBXBuildFile; fileRef = 61A3F32CA5F2989EE819D16C /* Swapchain.cpp */; };
		555B61C0EDD34F3219BA4000 /* libGLFW.a in Frameworks */ = {isa = PBXBuildFile; fileRef = DF4DED287971E25A2997C368 /* libGLFW.a */; };
		5A5DF66C0E5A0F9EF00C4CAC /* VulkanRenderPass.cpp in Sources */ = {isa = PBXBuildFile; fileRef = E664D67480BEBF66BCF724B4 /* VulkanRenderPass.cpp */; };
		67B3F9EC4D4B011E1090102C /* VulkanShader.cpp in Sources */ = {isa = PBXBuildFile; fileRef = 7AC645F4D4C75CE69C0E5434 /* VulkanShader.cpp */; };
		693E96F64D859F28D172CD36 /* Shader.cpp in Sources */ = {isa = PBXBuildFile; fileRef = 6D7ACC1E9E5EC410B176FA5E /* Shader.cpp */; };
		714723E814AE519A2BE40A28 /* VulkanFrameBuffer.cpp in Sources */ = {isa = PBXBuildFile; fileRef = 9A90D1303308BEA25EEFAF70 /* VulkanFrameBuffer.cpp */; };
		762A7B6AD175CB9CBFA7B1AA /* VulkanPipeline.cpp in Sources */ = {isa = PBXBuildFile; fileRef = 765E9E928815DE84FD83CCD2 /* VulkanPipeline.cpp */; };
		82DD2B7ADE3D502C2080F1BA /* VulkanSwapChain.cpp in Sources */ = {isa = PBXBuildFile; fileRef = 157B9EA27202A314FAA55CE2 /* VulkanSwapChain.cpp */; };
		8745B2162169A748D18F8856 /* GraphicsPipeline.cpp in Sources */ = {isa = PBXBuildFile; fileRef = C792CF3E3BED1430B9D09D7E /* GraphicsPipeline.cpp */; };
		97442E12A96E0AC4DD5EF452 /* Context.cpp in Sources */ = {isa = PBXBuildFile; fileRef = 9194A87A8B5664ECC55566BA /* Context.cpp */; };
		9C3287B3E9957DE55FB47DF3 /* App.cpp in Sources */ = {isa = PBXBuildFile; fileRef = 1760F49B024D1A8D4A32E2DB /* App.cpp */; };
		A34DAFE8E79C555A29C38E28 /* Asset.cpp in Sources */ = {isa = PBXBuildFile; fileRef = 0712ECF028DE9A226593C330 /* Asset.cpp */; };
		A64FB4C038DD7EB2A1B62300 /* log.cpp in Sources */ = {isa = PBXBuildFile; fileRef = A1F7F7886563B93AA4075DC8 /* log.cpp */; };
		B062EC6857D8881A009D92A8 /* VulkanContext.cpp in Sources */ = {isa = PBXBuildFile; fileRef = 65C0A5B044634122F94543F0 /* VulkanContext.cpp */; };
		C160C5DC59ADAB8E87F4AC1C /* RenderAPI.cpp in Sources */ = {isa = PBXBuildFile; fileRef = FFE3AAA444325016865988E4 /* RenderAPI.cpp */; };
		CC80E4BA152022EC384BDAFA /* VulkanUtil.cpp in Sources */ = {isa = PBXBuildFile; fileRef = 0750A6E2F84814D4644B9522 /* VulkanUtil.cpp */; };
		F13D1C24DEA4AED67B9EA264 /* VulkanImage.cpp in Sources */ = {isa = PBXBuildFile; fileRef = 0D5639AC19E0EC1E94C5B7EC /* VulkanImage.cpp */; };
		F25CCD5E66B71250E49A9B9E /* AssetManager.cpp in Sources */ = {isa = PBXBuildFile; fileRef = 2281430634AB1FB8689C0946 /* AssetManager.cpp */; };
		FC9C07F6DBB92228B7C27E36 /* RenderPass.cpp in Sources */ = {isa = PBXBuildFile; fileRef = 3AC2F11ECD50BB1036295F5E /* RenderPass.cpp */; };
/* End PBXBuildFile section */

/* Begin PBXContainerItemProxy section */
		7AC179D2A0E7A98407EEA012 /* PBXContainerItemProxy */ = {
			isa = PBXContainerItemProxy;
			containerPortal = 11BF275CF6062F8E79F35D9C /* vendor/GLFW/GLFW.xcodeproj */;
			proxyType = 2;
			remoteGlobalIDString = FB2B399FFE9C0BD18008AFDF;
			remoteInfo = libGLFW.a;
		};
		CCFBEC6BF3221C1D5A2912AB /* PBXContainerItemProxy */ = {
			isa = PBXContainerItemProxy;
			containerPortal = 11BF275CF6062F8E79F35D9C /* vendor/GLFW/GLFW.xcodeproj */;
			proxyType = 1;
			remoteGlobalIDString = 6E92D9A59D392D97F67A87E5;
			remoteInfo = libGLFW.a;
		};
/* End PBXContainerItemProxy section */

/* Begin PBXFileReference section */
		0712ECF028DE9A226593C330 /* Asset.cpp */ = {isa = PBXFileReference; lastKnownFileType = sourcecode.cpp.cpp; name = Asset.cpp; path = src/Asset/Asset.cpp; sourceTree = "<group>"; };
		0750A6E2F84814D4644B9522 /* VulkanUtil.cpp */ = {isa = PBXFileReference; lastKnownFileType = sourcecode.cpp.cpp; name = VulkanUtil.cpp; path = src/Render/Platform/Vulkan/VulkanUtil.cpp; sourceTree = "<group>"; };
		0D5639AC19E0EC1E94C5B7EC /* VulkanImage.cpp */ = {isa = PBXFileReference; lastKnownFileType = sourcecode.cpp.cpp; name = VulkanImage.cpp; path = src/Render/Platform/Vulkan/VulkanImage.cpp; sourceTree = "<group>"; };
		113B2EFA40CCFDEC1BDA3D3A /* Profile.h */ = {isa = PBXFileReference; lastKnownFileType = sourcecode.c.h; name = Profile.h; path = src/Util/Profile.h; sourceTree = "<group>"; };
		11BF275CF6062F8E79F35D9C /* libGLFW.a */ = {isa = PBXFileReference; lastKnownFileType = "wrapper.pb-project"; name = "GLFW.xcodeproj"; path = vendor/GLFW/GLFW.xcodeproj; sourceTree = SOURCE_ROOT; };
		157B9EA27202A314FAA55CE2 /* VulkanSwapChain.cpp */ = {isa = PBXFileReference; lastKnownFileType = sourcecode.cpp.cpp; name = VulkanSwapChain.cpp; path = src/Render/Platform/Vulkan/VulkanSwapChain.cpp; sourceTree = "<group>"; };
		1760F49B024D1A8D4A32E2DB /* App.cpp */ = {isa = PBXFileReference; lastKnownFileType = sourcecode.cpp.cpp; name = App.cpp; path = src/Core/App.cpp; sourceTree = "<group>"; };
		1DC0A26E17825EE0518160AE /* RenderAPI.h */ = {isa = PBXFileReference; lastKnownFileType = sourcecode.c.h; name = RenderAPI.h; path = src/Render/RenderAPI.h; sourceTree = "<group>"; };
		2281430634AB1FB8689C0946 /* AssetManager.cpp */ = {isa = PBXFileReference; lastKnownFileType = sourcecode.cpp.cpp; name = AssetManager.cpp; path = src/Asset/AssetManager.cpp; sourceTree = "<group>"; };
		26D161846B2006F6AD473FC4 /* Framebuffer.h */ = {isa = PBXFileReference; lastKnownFileType = sourcecode.c.h; name = Framebuffer.h; path = src/Render/Framebuffer.h; sourceTree = "<group>"; };
		2E2EBC4B5454EBFDBB5BE28B /* Entry.h */ = {isa = PBXFileReference; lastKnownFileType = sourcecode.c.h; name = Entry.h; path = include/Entry.h; sourceTree = "<group>"; };
		3AC2F11ECD50BB1036295F5E /* RenderPass.cpp */ = {isa = PBXFileReference; lastKnownFileType = sourcecode.cpp.cpp; name = RenderPass.cpp; path = src/Render/RenderPass.cpp; sourceTree = "<group>"; };
		3FACF240963A5CB26EB37080 /* Image.h */ = {isa = PBXFileReference; lastKnownFileType = sourcecode.c.h; name = Image.h; path = src/Render/Image.h; sourceTree = "<group>"; };
		40B031D13A1633432DB19011 /* Uuid.h */ = {isa = PBXFileReference; lastKnownFileType = sourcecode.c.h; name = Uuid.h; path = src/Core/Uuid.h; sourceTree = "<group>"; };
		479FE4487731B33A523EF288 /* Shader.h */ = {isa = PBXFileReference; lastKnownFileType = sourcecode.c.h; name = Shader.h; path = src/Render/Shader.h; sourceTree = "<group>"; };
		49F77A1E3AEEE810A6F2685E /* VulkanShader.h */ = {isa = PBXFileReference; lastKnownFileType = sourcecode.c.h; name = VulkanShader.h; path = src/Render/Platform/Vulkan/VulkanShader.h; sourceTree = "<group>"; };
		4C25C21345E77E857FE68053 /* QueueChain.h */ = {isa = PBXFileReference; lastKnownFileType = sourcecode.c.h; name = QueueChain.h; path = src/Core/QueueChain.h; sourceTree = "<group>"; };
		557CDDDB7BA30D8DE2AA041B /* Anvil.h */ = {isa = PBXFileReference; lastKnownFileType = sourcecode.c.h; name = Anvil.h; path = include/Anvil.h; sourceTree = "<group>"; };
		5C85D76C3B2872DEF00A75AC /* VulkanSwapChain.h */ = {isa = PBXFileReference; lastKnownFileType = sourcecode.c.h; name = VulkanSwapChain.h; path = src/Render/Platform/Vulkan/VulkanSwapChain.h; sourceTree = "<group>"; };
		6026935ABCAD97CC4550519A /* VulkanRenderAPI.cpp */ = {isa = PBXFileReference; lastKnownFileType = sourcecode.cpp.cpp; name = VulkanRenderAPI.cpp; path = src/Render/Platform/Vulkan/VulkanRenderAPI.cpp; sourceTree = "<group>"; };
		61A3F32CA5F2989EE819D16C /* Swapchain.cpp */ = {isa = PBXFileReference; lastKnownFileType = sourcecode.cpp.cpp; name = Swapchain.cpp; path = src/Render/Swapchain.cpp; sourceTree = "<group>"; };
		61FD903655FCD9A8DAE7EE76 /* VulkanImage.h */ = {isa = PBXFileReference; lastKnownFileType = sourcecode.c.h; name = VulkanImage.h; path = src/Render/Platform/Vulkan/VulkanImage.h; sourceTree = "<group>"; };
		6572EF419656E733A96F1D81 /* Reference.h */ = {isa = PBXFileReference; lastKnownFileType = sourcecode.c.h; name = Reference.h; path = src/Core/Reference.h; sourceTree = "<group>"; };
		65C0A5B044634122F94543F0 /* VulkanContext.cpp */ = {isa = PBXFileReference; lastKnownFileType = sourcecode.cpp.cpp; name = VulkanContext.cpp; path = src/Render/Platform/Vulkan/VulkanContext.cpp; sourceTree = "<group>"; };
		6BB9521AB91C484C2F3B485A /* Banner.h */ = {isa = PBXFileReference; lastKnownFileType = sourcecode.c.h; name = Banner.h; path = src/Util/AnvLog/Banner.h; sourceTree = "<group>"; };
		6D7ACC1E9E5EC410B176FA5E /* Shader.cpp */ = {isa = PBXFileReference; lastKnownFileType = sourcecode.cpp.cpp; name = Shader.cpp; path = src/Render/Shader.cpp; sourceTree = "<group>"; };
		70FD6BA9B54C111BF77349E9 /* QueueChain.cpp */ = {isa = PBXFileReference; lastKnownFileType = sourcecode.cpp.cpp; name = QueueChain.cpp; path = src/Core/QueueChain.cpp; sourceTree = "<group>"; };
		7310351ABB81194C001FEB5A /* Asset.h */ = {isa = PBXFileReference; lastKnownFileType = sourcecode.c.h; name = Asset.h; path = src/Asset/Asset.h; sourceTree = "<group>"; };
		754FDEC4D0913236A3EB7D04 /* Context.h */ = {isa = PBXFileReference; lastKnownFileType = sourcecode.c.h; name = Context.h; path = src/Render/Context.h; sourceTree = "<group>"; };
		765E9E928815DE84FD83CCD2 /* VulkanPipeline.cpp */ = {isa = PBXFileReference; lastKnownFileType = sourcecode.cpp.cpp; name = VulkanPipeline.cpp; path = src/Render/Platform/Vulkan/VulkanPipeline.cpp; sourceTree = "<group>"; };
		7AC645F4D4C75CE69C0E5434 /* VulkanShader.cpp */ = {isa = PBXFileReference; lastKnownFileType = sourcecode.cpp.cpp; name = VulkanShader.cpp; path = src/Render/Platform/Vulkan/VulkanShader.cpp; sourceTree = "<group>"; };
		8EF103C80013A4BAB5DA5208 /* RenderPass.h */ = {isa = PBXFileReference; lastKnownFileType = sourcecode.c.h; name = RenderPass.h; path = src/Render/RenderPass.h; sourceTree = "<group>"; };
		9194A87A8B5664ECC55566BA /* Context.cpp */ = {isa = PBXFileReference; lastKnownFileType = sourcecode.cpp.cpp; name = Context.cpp; path = src/Render/Context.cpp; sourceTree = "<group>"; };
		941474BCEE158BAEB55C82FC /* VulkanPipeline.h */ = {isa = PBXFileReference; lastKnownFileType = sourcecode.c.h; name = VulkanPipeline.h; path = src/Render/Platform/Vulkan/VulkanPipeline.h; sourceTree = "<group>"; };
		98FF41EDEF8CAC5FC805C02D /* Macros.h */ = {isa = PBXFileReference; lastKnownFileType = sourcecode.c.h; name = Macros.h; path = src/Core/Macros.h; sourceTree = "<group>"; };
		9A90D1303308BEA25EEFAF70 /* VulkanFrameBuffer.cpp */ = {isa = PBXFileReference; lastKnownFileType = sourcecode.cpp.cpp; name = VulkanFrameBuffer.cpp; path = src/Render/Platform/Vulkan/VulkanFrameBuffer.cpp; sourceTree = "<group>"; };
		9B83C7B6F6C51B28CA1F65F6 /* Image.cpp */ = {isa = PBXFileReference; lastKnownFileType = sourcecode.cpp.cpp; name = Image.cpp; path = src/Render/Image.cpp; sourceTree = "<group>"; };
		A1F7F7886563B93AA4075DC8 /* log.cpp */ = {isa = PBXFileReference; lastKnownFileType = sourcecode.cpp.cpp; name = log.cpp; path = src/Util/AnvLog/log.cpp; sourceTree = "<group>"; };
		A38F7FE5A4427CD718244E25 /* App.h */ = {isa = PBXFileReference; lastKnownFileType = sourcecode.c.h; name = App.h; path = src/Core/App.h; sourceTree = "<group>"; };
		A836D350765A2702FD687990 /* AssetManager.h */ = {isa = PBXFileReference; lastKnownFileType = sourcecode.c.h; name = AssetManager.h; path = src/Asset/AssetManager.h; sourceTree = "<group>"; };
		AAD7D724897A72963E5C7564 /* VulkanRenderAPI.h */ = {isa = PBXFileReference; lastKnownFileType = sourcecode.c.h; name = VulkanRenderAPI.h; path = src/Render/Platform/Vulkan/VulkanRenderAPI.h; sourceTree = "<group>"; };
		AC28C51EBDE00510334DF35E /* VulkanRenderPass.h */ = {isa = PBXFileReference; lastKnownFileType = sourcecode.c.h; name = VulkanRenderPass.h; path = src/Render/Platform/Vulkan/VulkanRenderPass.h; sourceTree = "<group>"; };
		AD5FFA3CFAC2F06E70E1F07C /* AnvLog.h */ = {isa = PBXFileReference; lastKnownFileType = sourcecode.c.h; name = AnvLog.h; path = src/Util/AnvLog/AnvLog.h; sourceTree = "<group>"; };
		BA86048C2EE0497EACC3D2CC /* VulkanUtil.h */ = {isa = PBXFileReference; lastKnownFileType = sourcecode.c.h; name = VulkanUtil.h; path = src/Render/Platform/Vulkan/VulkanUtil.h; sourceTree = "<group>"; };
		BB55C7F6B5178468EF168636 /* Swapchain.h */ = {isa = PBXFileReference; lastKnownFileType = sourcecode.c.h; name = Swapchain.h; path = src/Render/Swapchain.h; sourceTree = "<group>"; };
		BBD19388ECB58B7AFFCDC1C8 /* Renderer.h */ = {isa = PBXFileReference; lastKnownFileType = sourcecode.c.h; name = Renderer.h; path = src/Render/Renderer.h; sourceTree = "<group>"; };
		C3DFC2491F2115BBF27B6089 /* Window.cpp */ = {isa = PBXFileReference; lastKnownFileType = sourcecode.cpp.cpp; name = Window.cpp; path = src/Core/Window.cpp; sourceTree = "<group>"; };
		C4E7B5A866D1519A5DF863E8 /* GraphicsPipeline.h */ = {isa = PBXFileReference; lastKnownFileType = sourcecode.c.h; name = GraphicsPipeline.h; path = src/Render/GraphicsPipeline.h; sourceTree = "<group>"; };
		C792CF3E3BED1430B9D09D7E /* GraphicsPipeline.cpp */ = {isa = PBXFileReference; lastKnownFileType = sourcecode.cpp.cpp; name = GraphicsPipeline.cpp; path = src/Render/GraphicsPipeline.cpp; sourceTree = "<group>"; };
		D121F61E42449710F80B445E /* Renderer.cpp */ = {isa = PBXFileReference; lastKnownFileType = sourcecode.cpp.cpp; name = Renderer.cpp; path = src/Render/Renderer.cpp; sourceTree = "<group>"; };
		E28027FAEF0ADA6C69EFA63A /* VulkanContext.h */ = {isa = PBXFileReference; lastKnownFileType = sourcecode.c.h; name = VulkanContext.h; path = src/Render/Platform/Vulkan/VulkanContext.h; sourceTree = "<group>"; };
		E3435DFA3FCA626CC86D1C3A /* VulkanFrameBuffer.h */ = {isa = PBXFileReference; lastKnownFileType = sourcecode.c.h; name = VulkanFrameBuffer.h; path = src/Render/Platform/Vulkan/VulkanFrameBuffer.h; sourceTree = "<group>"; };
		E664D67480BEBF66BCF724B4 /* VulkanRenderPass.cpp */ = {isa = PBXFileReference; lastKnownFileType = sourcecode.cpp.cpp; name = VulkanRenderPass.cpp; path = src/Render/Platform/Vulkan/VulkanRenderPass.cpp; sourceTree = "<group>"; };
		EA8178BA57A9872C593C76FA /* Framebuffer.cpp */ = {isa = PBXFileReference; lastKnownFileType = sourcecode.cpp.cpp; name = Framebuffer.cpp; path = src/Render/Framebuffer.cpp; sourceTree = "<group>"; };
		F2C44F4C22561E3EFD635D8C /* UMacros.h */ = {isa = PBXFileReference; lastKnownFileType = sourcecode.c.h; name = UMacros.h; path = src/Util/UMacros.h; sourceTree = "<group>"; };
		F69B62334D28CCA525A1E073 /* Window.h */ = {isa = PBXFileReference; lastKnownFileType = sourcecode.c.h; name = Window.h; path = src/Core/Window.h; sourceTree = "<group>"; };
		FD0A541FE7F67A112FDC425F /* libAnvilEngine.a */ = {isa = PBXFileReference; explicitFileType = archive.ar; includeInIndex = 0; name = libAnvilEngine.a; path = libAnvilEngine.a; sourceTree = BUILT_PRODUCTS_DIR; };
		FFE3AAA444325016865988E4 /* RenderAPI.cpp */ = {isa = PBXFileReference; lastKnownFileType = sourcecode.cpp.cpp; name = RenderAPI.cpp; path = src/Render/RenderAPI.cpp; sourceTree = "<group>"; };
/* End PBXFileReference section */

/* Begin PBXFrameworksBuildPhase section */
		4BD1120F4C840F01C065E04F /* Frameworks */ = {
			isa = PBXFrameworksBuildPhase;
			buildActionMask = 2147483647;
			files = (
				555B61C0EDD34F3219BA4000 /* libGLFW.a in Frameworks */,
			);
			runOnlyForDeploymentPostprocessing = 0;
		};
/* End PBXFrameworksBuildPhase section */

/* Begin PBXCopyFilesBuildPhase section */
		5A29223B538F23AD472A807B /* Embed Libraries */ = {
			isa = PBXCopyFilesBuildPhase;
			buildActionMask = 2147483647;
			dstPath = "";
			dstSubfolderSpec = 10;
			files = (
			);
			name = "Embed Libraries";
			runOnlyForDeploymentPostprocessing = 0;
		};
/* End PBXCopyFilesBuildPhase section */

/* Begin PBXGroup section */
		014014D2FAA61644EE417312 /* Products */ = {
			isa = PBXGroup;
			children = (
				DF4DED287971E25A2997C368 /* libGLFW.a */,
			);
			name = Products;
			sourceTree = "<group>";
		};
		2AE5D23BCE315B6DE902287B /* Util */ = {
			isa = PBXGroup;
			children = (
				7832C79A7198C90C653425DA /* AnvLog */,
				113B2EFA40CCFDEC1BDA3D3A /* Profile.h */,
				F2C44F4C22561E3EFD635D8C /* UMacros.h */,
			);
			name = Util;
			sourceTree = "<group>";
		};
		4BCDB5BF4F3E87F1D0AB2BFF /* Render */ = {
			isa = PBXGroup;
			children = (
				9194A87A8B5664ECC55566BA /* Context.cpp */,
				754FDEC4D0913236A3EB7D04 /* Context.h */,
				EA8178BA57A9872C593C76FA /* Framebuffer.cpp */,
				26D161846B2006F6AD473FC4 /* Framebuffer.h */,
				C792CF3E3BED1430B9D09D7E /* GraphicsPipeline.cpp */,
				C4E7B5A866D1519A5DF863E8 /* GraphicsPipeline.h */,
				9B83C7B6F6C51B28CA1F65F6 /* Image.cpp */,
				3FACF240963A5CB26EB37080 /* Image.h */,
				9EBE92F8CE5061EAA95DA138 /* Platform */,
				FFE3AAA444325016865988E4 /* RenderAPI.cpp */,
				1DC0A26E17825EE0518160AE /* RenderAPI.h */,
				3AC2F11ECD50BB1036295F5E /* RenderPass.cpp */,
				8EF103C80013A4BAB5DA5208 /* RenderPass.h */,
				D121F61E42449710F80B445E /* Renderer.cpp */,
				BBD19388ECB58B7AFFCDC1C8 /* Renderer.h */,
				6D7ACC1E9E5EC410B176FA5E /* Shader.cpp */,
				479FE4487731B33A523EF288 /* Shader.h */,
				61A3F32CA5F2989EE819D16C /* Swapchain.cpp */,
				BB55C7F6B5178468EF168636 /* Swapchain.h */,
			);
			name = Render;
			sourceTree = "<group>";
		};
		5775D4184366DFCA959E7A58 /* src */ = {
			isa = PBXGroup;
			children = (
				A024A7DF4477459156AF8E1F /* Asset */,
				ADAE2FD150F9B9036BCA8611 /* Core */,
				4BCDB5BF4F3E87F1D0AB2BFF /* Render */,
				2AE5D23BCE315B6DE902287B /* Util */,
			);
			name = src;
			sourceTree = "<group>";
		};
		5E8C725002DF100215175890 /* include */ = {
			isa = PBXGroup;
			children = (
				557CDDDB7BA30D8DE2AA041B /* Anvil.h */,
				2E2EBC4B5454EBFDBB5BE28B /* Entry.h */,
			);
			name = include;
			sourceTree = "<group>";
		};
		7832C79A7198C90C653425DA /* AnvLog */ = {
			isa = PBXGroup;
			children = (
				AD5FFA3CFAC2F06E70E1F07C /* AnvLog.h */,
				6BB9521AB91C484C2F3B485A /* Banner.h */,
				A1F7F7886563B93AA4075DC8 /* log.cpp */,
			);
			name = AnvLog;
			sourceTree = "<group>";
		};
		7B320550E54487427E6F7390 /* AnvilEngine */ = {
			isa = PBXGroup;
			children = (
				5E8C725002DF100215175890 /* include */,
				5775D4184366DFCA959E7A58 /* src */,
				A6C936B49B3FADE6EA134CF4 /* Products */,
				9D968EAA920D05DCE0E0A4EA /* Projects */,
			);
			name = AnvilEngine;
			sourceTree = "<group>";
		};
		9D968EAA920D05DCE0E0A4EA /* Projects */ = {
			isa = PBXGroup;
			children = (
				11BF275CF6062F8E79F35D9C /* GLFW.xcodeproj */,
			);
			name = Projects;
			sourceTree = "<group>";
		};
		9EBE92F8CE5061EAA95DA138 /* Platform */ = {
			isa = PBXGroup;
			children = (
				FB5F6C6448C26296BEE162A4 /* Vulkan */,
			);
			name = Platform;
			sourceTree = "<group>";
		};
		A024A7DF4477459156AF8E1F /* Asset */ = {
			isa = PBXGroup;
			children = (
				0712ECF028DE9A226593C330 /* Asset.cpp */,
				7310351ABB81194C001FEB5A /* Asset.h */,
				2281430634AB1FB8689C0946 /* AssetManager.cpp */,
				A836D350765A2702FD687990 /* AssetManager.h */,
			);
			name = Asset;
			sourceTree = "<group>";
		};
		A6C936B49B3FADE6EA134CF4 /* Products */ = {
			isa = PBXGroup;
			children = (
				FD0A541FE7F67A112FDC425F /* libAnvilEngine.a */,
			);
			name = Products;
			sourceTree = "<group>";
		};
		ADAE2FD150F9B9036BCA8611 /* Core */ = {
			isa = PBXGroup;
			children = (
				1760F49B024D1A8D4A32E2DB /* App.cpp */,
				A38F7FE5A4427CD718244E25 /* App.h */,
				98FF41EDEF8CAC5FC805C02D /* Macros.h */,
				70FD6BA9B54C111BF77349E9 /* QueueChain.cpp */,
				4C25C21345E77E857FE68053 /* QueueChain.h */,
				6572EF419656E733A96F1D81 /* Reference.h */,
				40B031D13A1633432DB19011 /* Uuid.h */,
				C3DFC2491F2115BBF27B6089 /* Window.cpp */,
				F69B62334D28CCA525A1E073 /* Window.h */,
			);
			name = Core;
			sourceTree = "<group>";
		};
		FB5F6C6448C26296BEE162A4 /* Vulkan */ = {
			isa = PBXGroup;
			children = (
				65C0A5B044634122F94543F0 /* VulkanContext.cpp */,
				E28027FAEF0ADA6C69EFA63A /* VulkanContext.h */,
				9A90D1303308BEA25EEFAF70 /* VulkanFrameBuffer.cpp */,
				E3435DFA3FCA626CC86D1C3A /* VulkanFrameBuffer.h */,
				0D5639AC19E0EC1E94C5B7EC /* VulkanImage.cpp */,
				61FD903655FCD9A8DAE7EE76 /* VulkanImage.h */,
				765E9E928815DE84FD83CCD2 /* VulkanPipeline.cpp */,
				941474BCEE158BAEB55C82FC /* VulkanPipeline.h */,
				6026935ABCAD97CC4550519A /* VulkanRenderAPI.cpp */,
				AAD7D724897A72963E5C7564 /* VulkanRenderAPI.h */,
				E664D67480BEBF66BCF724B4 /* VulkanRenderPass.cpp */,
				AC28C51EBDE00510334DF35E /* VulkanRenderPass.h */,
				7AC645F4D4C75CE69C0E5434 /* VulkanShader.cpp */,
				49F77A1E3AEEE810A6F2685E /* VulkanShader.h */,
				157B9EA27202A314FAA55CE2 /* VulkanSwapChain.cpp */,
				5C85D76C3B2872DEF00A75AC /* VulkanSwapChain.h */,
				0750A6E2F84814D4644B9522 /* VulkanUtil.cpp */,
				BA86048C2EE0497EACC3D2CC /* VulkanUtil.h */,
			);
			name = Vulkan;
			sourceTree = "<group>";
		};
/* End PBXGroup section */

/* Begin PBXNativeTarget section */
		CBB8A425F1DED3D758E5CA65 /* AnvilEngine */ = {
			isa = PBXNativeTarget;
			buildConfigurationList = 3A0C5A6E3ABF5760AEA128AE /* Build configuration list for PBXNativeTarget "AnvilEngine" */;
			buildPhases = (
				BBB892AFBC6B8FA1304D60EF /* Resources */,
				2565AC062618A8F899FA7A46 /* Sources */,
				4BD1120F4C840F01C065E04F /* Frameworks */,
				5A29223B538F23AD472A807B /* Embed Libraries */,
			);
			buildRules = (
			);
			dependencies = (
				EEF851DBE85E534DDBF9B01B /* PBXTargetDependency */,
			);
			name = AnvilEngine;
			productName = AnvilEngine;
			productReference = FD0A541FE7F67A112FDC425F /* libAnvilEngine.a */;
			productType = "com.apple.product-type.library.static";
		};
/* End PBXNativeTarget section */

/* Begin PBXProject section */
		08FB7793FE84155DC02AAC07 /* Project object */ = {
			isa = PBXProject;
			buildConfigurationList = 1DEB928908733DD80010E9CD /* Build configuration list for PBXProject "AnvilEngine" */;
			compatibilityVersion = "Xcode 3.2";
			hasScannedForEncodings = 1;
			mainGroup = 7B320550E54487427E6F7390 /* AnvilEngine */;
			projectDirPath = "";
			projectReferences = (
				{
					ProductGroup = 014014D2FAA61644EE417312 /* Products */;
					ProjectRef = 11BF275CF6062F8E79F35D9C /* GLFW.xcodeproj */;
				},
			);
			projectRoot = "";
			targets = (
				CBB8A425F1DED3D758E5CA65 /* libAnvilEngine.a */,
			);
		};
/* End PBXProject section */

/* Begin PBXReferenceProxy section */
		DF4DED287971E25A2997C368 /* libGLFW.a */ = {
			isa = PBXReferenceProxy;
			fileType = archive.ar;
			path = libGLFW.a;
			remoteRef = 7AC179D2A0E7A98407EEA012 /* PBXContainerItemProxy */;
			sourceTree = BUILT_PRODUCTS_DIR;
		};
/* End PBXReferenceProxy section */

/* Begin PBXResourcesBuildPhase section */
		BBB892AFBC6B8FA1304D60EF /* Resources */ = {
			isa = PBXResourcesBuildPhase;
			buildActionMask = 2147483647;
			files = (
			);
			runOnlyForDeploymentPostprocessing = 0;
		};
/* End PBXResourcesBuildPhase section */

/* Begin PBXSourcesBuildPhase section */
		2565AC062618A8F899FA7A46 /* Sources */ = {
			isa = PBXSourcesBuildPhase;
			buildActionMask = 2147483647;
			files = (
				A34DAFE8E79C555A29C38E28 /* Asset.cpp in Sources */,
				F25CCD5E66B71250E49A9B9E /* AssetManager.cpp in Sources */,
				9C3287B3E9957DE55FB47DF3 /* App.cpp in Sources */,
				1E4897A1B6957D53E4DC7DE1 /* QueueChain.cpp in Sources */,
				180C4C41E62F9FF36D3DF281 /* Window.cpp in Sources */,
				97442E12A96E0AC4DD5EF452 /* Context.cpp in Sources */,
				31128E524BDEFD044FAF9492 /* Framebuffer.cpp in Sources */,
				8745B2162169A748D18F8856 /* GraphicsPipeline.cpp in Sources */,
				0975290ED7987CC05EA6CF4E /* Image.cpp in Sources */,
				B062EC6857D8881A009D92A8 /* VulkanContext.cpp in Sources */,
				714723E814AE519A2BE40A28 /* VulkanFrameBuffer.cpp in Sources */,
				F13D1C24DEA4AED67B9EA264 /* VulkanImage.cpp in Sources */,
				762A7B6AD175CB9CBFA7B1AA /* VulkanPipeline.cpp in Sources */,
				00C9F7B25C2A1C649E6DBDF2 /* VulkanRenderAPI.cpp in Sources */,
				5A5DF66C0E5A0F9EF00C4CAC /* VulkanRenderPass.cpp in Sources */,
				67B3F9EC4D4B011E1090102C /* VulkanShader.cpp in Sources */,
				82DD2B7ADE3D502C2080F1BA /* VulkanSwapChain.cpp in Sources */,
				CC80E4BA152022EC384BDAFA /* VulkanUtil.cpp in Sources */,
				C160C5DC59ADAB8E87F4AC1C /* RenderAPI.cpp in Sources */,
				FC9C07F6DBB92228B7C27E36 /* RenderPass.cpp in Sources */,
				291A5EF66D2E302860FFB536 /* Renderer.cpp in Sources */,
				693E96F64D859F28D172CD36 /* Shader.cpp in Sources */,
				35CFFAE4CE1CE096FC63E124 /* Swapchain.cpp in Sources */,
				A64FB4C038DD7EB2A1B62300 /* log.cpp in Sources */,
			);
			runOnlyForDeploymentPostprocessing = 0;
		};
/* End PBXSourcesBuildPhase section */

/* Begin PBXTargetDependency section */
		EEF851DBE85E534DDBF9B01B /* PBXTargetDependency */ = {
			isa = PBXTargetDependency;
			name = libGLFW.a;
			targetProxy = CCFBEC6BF3221C1D5A2912AB /* PBXContainerItemProxy */;
		};
/* End PBXTargetDependency section */

/* Begin PBXVariantGroup section */
/* End PBXVariantGroup section */

/* Begin XCBuildConfiguration section */
		62B26FDF66234211E78FE61F /* Debug */ = {
			isa = XCBuildConfiguration;
			buildSettings = {
				ARCHS = "$(NATIVE_ARCH_ACTUAL)";
				CLANG_CXX_LANGUAGE_STANDARD = "c++20";
				CONFIGURATION_BUILD_DIR = "$(SYMROOT)";
				CONFIGURATION_TEMP_DIR = "$(OBJROOT)";
				COPY_PHASE_STRIP = NO;
				GCC_ENABLE_FIX_AND_CONTINUE = YES;
				GCC_OPTIMIZATION_LEVEL = 0;
				GCC_PREPROCESSOR_DEFINITIONS = (
					DEBUG,
				);
				GCC_SYMBOLS_PRIVATE_EXTERN = NO;
				GCC_WARN_ABOUT_RETURN_TYPE = YES;
				GCC_WARN_UNUSED_VARIABLE = YES;
				LIBRARY_SEARCH_PATHS = (
					"vendor/GLFW/Debug-macosx-x86_64/GLFW",
					/usr/local/lib,
				);
				OBJROOT = "bin-int/Debug-macosx-x86_64/AnvilEngine";
				ONLY_ACTIVE_ARCH = YES;
				OTHER_LDFLAGS = (
					"-lvulkan",
					"-lshaderc_combined",
					"-Wl,-rpath,@loader_path",
				);
				SYMROOT = "bin/Debug-macosx-x86_64/AnvilEngine";
				USER_HEADER_SEARCH_PATHS = (
					src,
					vendor/GLFW/include,
					/usr/local/include/vulkan,
				);
				WARNING_CFLAGS = "-w";
			};
			name = Debug;
		};
		77FD8434A8E17C26BBF9B274 /* Debug */ = {
			isa = XCBuildConfiguration;
			buildSettings = {
				ALWAYS_SEARCH_USER_PATHS = NO;
				CONFIGURATION_BUILD_DIR = "bin/Debug-macosx-x86_64/AnvilEngine";
				DEBUG_INFORMATION_FORMAT = "dwarf-with-dsym";
				GCC_DYNAMIC_NO_PIC = NO;
				INSTALL_PATH = /usr/local/lib;
				PRODUCT_NAME = AnvilEngine;
			};
			name = Debug;
		};
		9D84AC5BEAE7A28D6106A29B /* DebugG */ = {
			isa = XCBuildConfiguration;
			buildSettings = {
				ALWAYS_SEARCH_USER_PATHS = NO;
				CONFIGURATION_BUILD_DIR = "bin/DebugG-macosx-x86_64/AnvilEngine";
				DEBUG_INFORMATION_FORMAT = "dwarf-with-dsym";
				GCC_DYNAMIC_NO_PIC = NO;
				INSTALL_PATH = /usr/local/lib;
				PRODUCT_NAME = AnvilEngine;
			};
			name = DebugG;
		};
		B4327C2EADF438A0E7F33A6E /* Release */ = {
			isa = XCBuildConfiguration;
			buildSettings = {
				ALWAYS_SEARCH_USER_PATHS = NO;
				CONFIGURATION_BUILD_DIR = "bin/Release-macosx-x86_64/AnvilEngine";
				DEBUG_INFORMATION_FORMAT = "dwarf-with-dsym";
				GCC_DYNAMIC_NO_PIC = NO;
				INSTALL_PATH = /usr/local/lib;
				PRODUCT_NAME = AnvilEngine;
			};
			name = Release;
		};
		BB0D32862C984AF8DB9970C6 /* DebugG */ = {
			isa = XCBuildConfiguration;
			buildSettings = {
				ARCHS = "$(NATIVE_ARCH_ACTUAL)";
				CLANG_CXX_LANGUAGE_STANDARD = "c++20";
				CONFIGURATION_BUILD_DIR = "$(SYMROOT)";
				CONFIGURATION_TEMP_DIR = "$(OBJROOT)";
				COPY_PHASE_STRIP = NO;
				GCC_ENABLE_FIX_AND_CONTINUE = YES;
				GCC_OPTIMIZATION_LEVEL = 0;
				GCC_PREPROCESSOR_DEFINITIONS = (
					DEBUG,
					DEBUG_G,
				);
				GCC_SYMBOLS_PRIVATE_EXTERN = NO;
				GCC_WARN_ABOUT_RETURN_TYPE = YES;
				GCC_WARN_UNUSED_VARIABLE = YES;
				LIBRARY_SEARCH_PATHS = (
					"vendor/GLFW/DebugG-macosx-x86_64/GLFW",
					/usr/local/lib,
				);
				OBJROOT = "bin-int/DebugG-macosx-x86_64/AnvilEngine";
				ONLY_ACTIVE_ARCH = YES;
				OTHER_LDFLAGS = (
					"-lvulkan",
					"-lshaderc_combined",
					"-Wl,-rpath,@loader_path",
				);
				SYMROOT = "bin/DebugG-macosx-x86_64/AnvilEngine";
				USER_HEADER_SEARCH_PATHS = (
					src,
					vendor/GLFW/include,
					/usr/local/include/vulkan,
				);
				WARNING_CFLAGS = "-w";
			};
			name = DebugG;
		};
		CD75BDD97063E48BFF89C419 /* Release */ = {
			isa = XCBuildConfiguration;
			buildSettings = {
				ARCHS = "$(NATIVE_ARCH_ACTUAL)";
				CLANG_CXX_LANGUAGE_STANDARD = "c++20";
				CONFIGURATION_BUILD_DIR = "$(SYMROOT)";
				CONFIGURATION_TEMP_DIR = "$(OBJROOT)";
				GCC_OPTIMIZATION_LEVEL = 3;
				GCC_PREPROCESSOR_DEFINITIONS = (
					RELEASE,
				);
				GCC_SYMBOLS_PRIVATE_EXTERN = NO;
				GCC_WARN_ABOUT_RETURN_TYPE = YES;
				GCC_WARN_UNUSED_VARIABLE = YES;
				LIBRARY_SEARCH_PATHS = (
					"vendor/GLFW/Release-macosx-x86_64/GLFW",
					/usr/local/lib,
				);
				OBJROOT = "bin-int/Release-macosx-x86_64/AnvilEngine";
				ONLY_ACTIVE_ARCH = NO;
				OTHER_LDFLAGS = (
					"-lvulkan",
					"-lshaderc_combined",
					"-Wl,-rpath,@loader_path",
				);
				SYMROOT = "bin/Release-macosx-x86_64/AnvilEngine";
				USER_HEADER_SEARCH_PATHS = (
					src,
					vendor/GLFW/include,
					/usr/local/include/vulkan,
				);
				WARNING_CFLAGS = "-w";
			};
			name = Release;
		};
/* End XCBuildConfiguration section */

/* Begin XCConfigurationList section */
		1DEB928908733DD80010E9CD /* Build configuration list for PBXProject "AnvilEngine" */ = {
			isa = XCConfigurationList;
			buildConfigurations = (
				BB0D32862C984AF8DB9970C6 /* DebugG */,
				62B26FDF66234211E78FE61F /* Debug */,
				CD75BDD97063E48BFF89C419 /* Release */,
			);
			defaultConfigurationIsVisible = 0;
			defaultConfigurationName = DebugG;
		};
		3A0C5A6E3ABF5760AEA128AE /* Build configuration list for PBXNativeTarget "libAnvilEngine.a" */ = {
			isa = XCConfigurationList;
			buildConfigurations = (
				9D84AC5BEAE7A28D6106A29B /* DebugG */,
				77FD8434A8E17C26BBF9B274 /* Debug */,
				B4327C2EADF438A0E7F33A6E /* Release */,
			);
			defaultConfigurationIsVisible = 0;
			defaultConfigurationName = DebugG;
		};
/* End XCConfigurationList section */
};
rootObject = 08FB7793FE84155DC02AAC07 /* Project object */;
}